// !$*UTF8*$!
{
	archiveVersion = 1;
	classes = {
	};
	objectVersion = 48;
	objects = {

/* Begin PBXBuildFile section */
		950B28D02019460B000B4445 /* APIManager.framework in Frameworks */ = {isa = PBXBuildFile; fileRef = 95BF04661EA9EEAB005536D0 /* APIManager.framework */; };
		950B28D92019464B000B4445 /* Data.swift in Sources */ = {isa = PBXBuildFile; fileRef = 95C745AF1FC14FB1005422F0 /* Data.swift */; };
		950B28DA2019464B000B4445 /* APIManagerTests.swift in Sources */ = {isa = PBXBuildFile; fileRef = 95C745B01FC14FB1005422F0 /* APIManagerTests.swift */; };
		950B28DB2019464B000B4445 /* JSON.swift in Sources */ = {isa = PBXBuildFile; fileRef = 95C745B11FC14FB1005422F0 /* JSON.swift */; };
		950B28DC2019464B000B4445 /* TestService.swift in Sources */ = {isa = PBXBuildFile; fileRef = 95C745B21FC14FB1005422F0 /* TestService.swift */; };
		9576842A2082914300B6FD98 /* APIRequest.swift in Sources */ = {isa = PBXBuildFile; fileRef = 957684292082914300B6FD98 /* APIRequest.swift */; };
		9594C4C520044275008A5AD6 /* APIRequestError.swift in Sources */ = {isa = PBXBuildFile; fileRef = 9594C4C420044275008A5AD6 /* APIRequestError.swift */; };
		95AD7E662003267500EB981F /* APIReturnable.swift in Sources */ = {isa = PBXBuildFile; fileRef = 95AD7E5F2003267500EB981F /* APIReturnable.swift */; };
		95AD7E682003267500EB981F /* APIService.swift in Sources */ = {isa = PBXBuildFile; fileRef = 95AD7E612003267500EB981F /* APIService.swift */; };
		95AD7E692003267500EB981F /* APIAuthorization.swift in Sources */ = {isa = PBXBuildFile; fileRef = 95AD7E622003267500EB981F /* APIAuthorization.swift */; };
		95AD7E6A2003267500EB981F /* HTTP.swift in Sources */ = {isa = PBXBuildFile; fileRef = 95AD7E632003267500EB981F /* HTTP.swift */; };
		95AD7E6E2003284600EB981F /* URL.swift in Sources */ = {isa = PBXBuildFile; fileRef = 95AD7E6D2003284600EB981F /* URL.swift */; };
		95BF046B1EA9EEAB005536D0 /* APIManager.h in Headers */ = {isa = PBXBuildFile; fileRef = 95BF04691EA9EEAB005536D0 /* APIManager.h */; settings = {ATTRIBUTES = (Public, ); }; };
/* End PBXBuildFile section */

/* Begin PBXContainerItemProxy section */
		950B28D12019460B000B4445 /* PBXContainerItemProxy */ = {
			isa = PBXContainerItemProxy;
			containerPortal = 95BF045D1EA9EEAB005536D0 /* Project object */;
			proxyType = 1;
			remoteGlobalIDString = 95BF04651EA9EEAB005536D0;
			remoteInfo = APIManager;
		};
/* End PBXContainerItemProxy section */

/* Begin PBXFileReference section */
		950B28CB2019460B000B4445 /* APIManagerTests.xctest */ = {isa = PBXFileReference; explicitFileType = wrapper.cfbundle; includeInIndex = 0; path = APIManagerTests.xctest; sourceTree = BUILT_PRODUCTS_DIR; };
		950B28D720194625000B4445 /* Info.plist */ = {isa = PBXFileReference; fileEncoding = 4; lastKnownFileType = text.plist.xml; path = Info.plist; sourceTree = "<group>"; };
		9523B01B1EAE9AF9009A0471 /* APIManager.podspec */ = {isa = PBXFileReference; fileEncoding = 4; lastKnownFileType = text; path = APIManager.podspec; sourceTree = "<group>"; };
		9523B01D1EAE9AFE009A0471 /* LICENSE */ = {isa = PBXFileReference; fileEncoding = 4; lastKnownFileType = text; path = LICENSE; sourceTree = "<group>"; };
		9523B01E1EAE9AFE009A0471 /* README.md */ = {isa = PBXFileReference; fileEncoding = 4; lastKnownFileType = net.daringfireball.markdown; path = README.md; sourceTree = "<group>"; };
		957684292082914300B6FD98 /* APIRequest.swift */ = {isa = PBXFileReference; lastKnownFileType = sourcecode.swift; path = APIRequest.swift; sourceTree = "<group>"; };
		9594C4C420044275008A5AD6 /* APIRequestError.swift */ = {isa = PBXFileReference; lastKnownFileType = sourcecode.swift; path = APIRequestError.swift; sourceTree = "<group>"; };
		95AD7E5F2003267500EB981F /* APIReturnable.swift */ = {isa = PBXFileReference; fileEncoding = 4; lastKnownFileType = sourcecode.swift; path = APIReturnable.swift; sourceTree = "<group>"; };
		95AD7E612003267500EB981F /* APIService.swift */ = {isa = PBXFileReference; fileEncoding = 4; lastKnownFileType = sourcecode.swift; path = APIService.swift; sourceTree = "<group>"; };
		95AD7E622003267500EB981F /* APIAuthorization.swift */ = {isa = PBXFileReference; fileEncoding = 4; lastKnownFileType = sourcecode.swift; path = APIAuthorization.swift; sourceTree = "<group>"; };
		95AD7E632003267500EB981F /* HTTP.swift */ = {isa = PBXFileReference; fileEncoding = 4; lastKnownFileType = sourcecode.swift; path = HTTP.swift; sourceTree = "<group>"; };
		95AD7E6D2003284600EB981F /* URL.swift */ = {isa = PBXFileReference; lastKnownFileType = sourcecode.swift; path = URL.swift; sourceTree = "<group>"; };
		95BF04661EA9EEAB005536D0 /* APIManager.framework */ = {isa = PBXFileReference; explicitFileType = wrapper.framework; includeInIndex = 0; path = APIManager.framework; sourceTree = BUILT_PRODUCTS_DIR; };
		95BF04691EA9EEAB005536D0 /* APIManager.h */ = {isa = PBXFileReference; lastKnownFileType = sourcecode.c.h; path = APIManager.h; sourceTree = "<group>"; };
		95BF046A1EA9EEAB005536D0 /* Info.plist */ = {isa = PBXFileReference; lastKnownFileType = text.plist.xml; path = Info.plist; sourceTree = "<group>"; };
		95C745AF1FC14FB1005422F0 /* Data.swift */ = {isa = PBXFileReference; fileEncoding = 4; lastKnownFileType = sourcecode.swift; path = Data.swift; sourceTree = "<group>"; };
		95C745B01FC14FB1005422F0 /* APIManagerTests.swift */ = {isa = PBXFileReference; fileEncoding = 4; lastKnownFileType = sourcecode.swift; path = APIManagerTests.swift; sourceTree = "<group>"; };
		95C745B11FC14FB1005422F0 /* JSON.swift */ = {isa = PBXFileReference; fileEncoding = 4; lastKnownFileType = sourcecode.swift; path = JSON.swift; sourceTree = "<group>"; };
		95C745B21FC14FB1005422F0 /* TestService.swift */ = {isa = PBXFileReference; fileEncoding = 4; lastKnownFileType = sourcecode.swift; path = TestService.swift; sourceTree = "<group>"; };
		95D158AA1EB1008700008F35 /* Package.swift */ = {isa = PBXFileReference; lastKnownFileType = sourcecode.swift; path = Package.swift; sourceTree = "<group>"; };
		95D158BF1EB109D200008F35 /* CHANGELOG.md */ = {isa = PBXFileReference; lastKnownFileType = net.daringfireball.markdown; path = CHANGELOG.md; sourceTree = "<group>"; };
/* End PBXFileReference section */

/* Begin PBXFrameworksBuildPhase section */
		950B28C82019460B000B4445 /* Frameworks */ = {
			isa = PBXFrameworksBuildPhase;
			buildActionMask = 2147483647;
			files = (
				950B28D02019460B000B4445 /* APIManager.framework in Frameworks */,
			);
			runOnlyForDeploymentPostprocessing = 0;
		};
		95BF04621EA9EEAB005536D0 /* Frameworks */ = {
			isa = PBXFrameworksBuildPhase;
			buildActionMask = 2147483647;
			files = (
			);
			runOnlyForDeploymentPostprocessing = 0;
		};
/* End PBXFrameworksBuildPhase section */

/* Begin PBXGroup section */
		950B28D620194625000B4445 /* APIManagerTests */ = {
			isa = PBXGroup;
			children = (
				950B28D720194625000B4445 /* Info.plist */,
			);
			path = APIManagerTests;
			sourceTree = "<group>";
		};
		95BF045C1EA9EEAB005536D0 = {
			isa = PBXGroup;
			children = (
				9523B01D1EAE9AFE009A0471 /* LICENSE */,
				9523B01E1EAE9AFE009A0471 /* README.md */,
				95D158BF1EB109D200008F35 /* CHANGELOG.md */,
				9523B01B1EAE9AF9009A0471 /* APIManager.podspec */,
				95D158AA1EB1008700008F35 /* Package.swift */,
				95BF04681EA9EEAB005536D0 /* APIManager */,
				950B28D620194625000B4445 /* APIManagerTests */,
				95BF04671EA9EEAB005536D0 /* Products */,
				95D158AB1EB104EB00008F35 /* Sources */,
				95C745AC1FC14FB1005422F0 /* Tests */,
			);
			sourceTree = "<group>";
		};
		95BF04671EA9EEAB005536D0 /* Products */ = {
			isa = PBXGroup;
			children = (
				95BF04661EA9EEAB005536D0 /* APIManager.framework */,
				950B28CB2019460B000B4445 /* APIManagerTests.xctest */,
			);
			name = Products;
			sourceTree = "<group>";
		};
		95BF04681EA9EEAB005536D0 /* APIManager */ = {
			isa = PBXGroup;
			children = (
				95BF04691EA9EEAB005536D0 /* APIManager.h */,
				95BF046A1EA9EEAB005536D0 /* Info.plist */,
			);
			path = APIManager;
			sourceTree = "<group>";
		};
		95C745AC1FC14FB1005422F0 /* Tests */ = {
			isa = PBXGroup;
			children = (
				95C745AE1FC14FB1005422F0 /* APIManagerTests */,
			);
			path = Tests;
			sourceTree = "<group>";
		};
		95C745AE1FC14FB1005422F0 /* APIManagerTests */ = {
			isa = PBXGroup;
			children = (
				95C745AF1FC14FB1005422F0 /* Data.swift */,
				95C745B01FC14FB1005422F0 /* APIManagerTests.swift */,
				95C745B11FC14FB1005422F0 /* JSON.swift */,
				95C745B21FC14FB1005422F0 /* TestService.swift */,
			);
			path = APIManagerTests;
			sourceTree = "<group>";
		};
		95D158AB1EB104EB00008F35 /* Sources */ = {
			isa = PBXGroup;
			children = (
				95D158AC1EB104EB00008F35 /* APIManager */,
			);
			path = Sources;
			sourceTree = "<group>";
		};
		95D158AC1EB104EB00008F35 /* APIManager */ = {
			isa = PBXGroup;
			children = (
				95AD7E622003267500EB981F /* APIAuthorization.swift */,
				957684292082914300B6FD98 /* APIRequest.swift */,
				9594C4C420044275008A5AD6 /* APIRequestError.swift */,
				95AD7E5F2003267500EB981F /* APIReturnable.swift */,
				95AD7E612003267500EB981F /* APIService.swift */,
				95AD7E632003267500EB981F /* HTTP.swift */,
				95AD7E6D2003284600EB981F /* URL.swift */,
			);
			path = APIManager;
			sourceTree = "<group>";
		};
/* End PBXGroup section */

/* Begin PBXHeadersBuildPhase section */
		95BF04631EA9EEAB005536D0 /* Headers */ = {
			isa = PBXHeadersBuildPhase;
			buildActionMask = 2147483647;
			files = (
				95BF046B1EA9EEAB005536D0 /* APIManager.h in Headers */,
			);
			runOnlyForDeploymentPostprocessing = 0;
		};
/* End PBXHeadersBuildPhase section */

/* Begin PBXNativeTarget section */
		950B28CA2019460B000B4445 /* APIManagerTests */ = {
			isa = PBXNativeTarget;
			buildConfigurationList = 950B28D32019460B000B4445 /* Build configuration list for PBXNativeTarget "APIManagerTests" */;
			buildPhases = (
				950B28C72019460B000B4445 /* Sources */,
				950B28C82019460B000B4445 /* Frameworks */,
				950B28C92019460B000B4445 /* Resources */,
			);
			buildRules = (
			);
			dependencies = (
				950B28D22019460B000B4445 /* PBXTargetDependency */,
			);
			name = APIManagerTests;
			productName = APIManagerTests;
			productReference = 950B28CB2019460B000B4445 /* APIManagerTests.xctest */;
			productType = "com.apple.product-type.bundle.unit-test";
		};
		95BF04651EA9EEAB005536D0 /* APIManager */ = {
			isa = PBXNativeTarget;
			buildConfigurationList = 95BF046E1EA9EEAB005536D0 /* Build configuration list for PBXNativeTarget "APIManager" */;
			buildPhases = (
				95BF04611EA9EEAB005536D0 /* Sources */,
				95BF04621EA9EEAB005536D0 /* Frameworks */,
				95BF04631EA9EEAB005536D0 /* Headers */,
				95BF04641EA9EEAB005536D0 /* Resources */,
			);
			buildRules = (
			);
			dependencies = (
			);
			name = APIManager;
			productName = APIManager;
			productReference = 95BF04661EA9EEAB005536D0 /* APIManager.framework */;
			productType = "com.apple.product-type.framework";
		};
/* End PBXNativeTarget section */

/* Begin PBXProject section */
		95BF045D1EA9EEAB005536D0 /* Project object */ = {
			isa = PBXProject;
			attributes = {
				LastSwiftUpdateCheck = 0920;
				LastUpgradeCheck = 1010;
				ORGANIZATIONNAME = "Rauhul Varma";
				TargetAttributes = {
					950B28CA2019460B000B4445 = {
						CreatedOnToolsVersion = 9.2;
						LastSwiftMigration = 1010;
						ProvisioningStyle = Automatic;
					};
					95BF04651EA9EEAB005536D0 = {
						CreatedOnToolsVersion = 8.3;
						LastSwiftMigration = 1010;
						ProvisioningStyle = Automatic;
					};
				};
			};
			buildConfigurationList = 95BF04601EA9EEAB005536D0 /* Build configuration list for PBXProject "APIManager" */;
			compatibilityVersion = "Xcode 8.0";
			developmentRegion = English;
			hasScannedForEncodings = 0;
			knownRegions = (
				en,
			);
			mainGroup = 95BF045C1EA9EEAB005536D0;
			productRefGroup = 95BF04671EA9EEAB005536D0 /* Products */;
			projectDirPath = "";
			projectRoot = "";
			targets = (
				95BF04651EA9EEAB005536D0 /* APIManager */,
				950B28CA2019460B000B4445 /* APIManagerTests */,
			);
		};
/* End PBXProject section */

/* Begin PBXResourcesBuildPhase section */
		950B28C92019460B000B4445 /* Resources */ = {
			isa = PBXResourcesBuildPhase;
			buildActionMask = 2147483647;
			files = (
			);
			runOnlyForDeploymentPostprocessing = 0;
		};
		95BF04641EA9EEAB005536D0 /* Resources */ = {
			isa = PBXResourcesBuildPhase;
			buildActionMask = 2147483647;
			files = (
			);
			runOnlyForDeploymentPostprocessing = 0;
		};
/* End PBXResourcesBuildPhase section */

/* Begin PBXSourcesBuildPhase section */
		950B28C72019460B000B4445 /* Sources */ = {
			isa = PBXSourcesBuildPhase;
			buildActionMask = 2147483647;
			files = (
				950B28DB2019464B000B4445 /* JSON.swift in Sources */,
				950B28DC2019464B000B4445 /* TestService.swift in Sources */,
				950B28DA2019464B000B4445 /* APIManagerTests.swift in Sources */,
				950B28D92019464B000B4445 /* Data.swift in Sources */,
			);
			runOnlyForDeploymentPostprocessing = 0;
		};
		95BF04611EA9EEAB005536D0 /* Sources */ = {
			isa = PBXSourcesBuildPhase;
			buildActionMask = 2147483647;
			files = (
				95AD7E692003267500EB981F /* APIAuthorization.swift in Sources */,
				95AD7E6E2003284600EB981F /* URL.swift in Sources */,
				95AD7E682003267500EB981F /* APIService.swift in Sources */,
				9576842A2082914300B6FD98 /* APIRequest.swift in Sources */,
				95AD7E662003267500EB981F /* APIReturnable.swift in Sources */,
				95AD7E6A2003267500EB981F /* HTTP.swift in Sources */,
				9594C4C520044275008A5AD6 /* APIRequestError.swift in Sources */,
			);
			runOnlyForDeploymentPostprocessing = 0;
		};
/* End PBXSourcesBuildPhase section */

/* Begin PBXTargetDependency section */
		950B28D22019460B000B4445 /* PBXTargetDependency */ = {
			isa = PBXTargetDependency;
			target = 95BF04651EA9EEAB005536D0 /* APIManager */;
			targetProxy = 950B28D12019460B000B4445 /* PBXContainerItemProxy */;
		};
/* End PBXTargetDependency section */

/* Begin XCBuildConfiguration section */
		950B28D42019460B000B4445 /* Debug */ = {
			isa = XCBuildConfiguration;
			buildSettings = {
				CLANG_CXX_LANGUAGE_STANDARD = "gnu++14";
				CLANG_WARN_UNGUARDED_AVAILABILITY = YES_AGGRESSIVE;
				CODE_SIGN_IDENTITY = "iPhone Developer";
				CODE_SIGN_STYLE = Automatic;
				GCC_C_LANGUAGE_STANDARD = gnu11;
				INFOPLIST_FILE = APIManagerTests/Info.plist;
				IPHONEOS_DEPLOYMENT_TARGET = 11.2;
				LD_RUNPATH_SEARCH_PATHS = "$(inherited) @executable_path/Frameworks @loader_path/Frameworks";
				PRODUCT_BUNDLE_IDENTIFIER = com.rauhul.APIManagerTests;
				PRODUCT_NAME = "$(TARGET_NAME)";
				SWIFT_VERSION = 4.2;
				TARGETED_DEVICE_FAMILY = "1,2";
			};
			name = Debug;
		};
		950B28D52019460B000B4445 /* Release */ = {
			isa = XCBuildConfiguration;
			buildSettings = {
				CLANG_CXX_LANGUAGE_STANDARD = "gnu++14";
				CLANG_WARN_UNGUARDED_AVAILABILITY = YES_AGGRESSIVE;
				CODE_SIGN_IDENTITY = "iPhone Developer";
				CODE_SIGN_STYLE = Automatic;
				GCC_C_LANGUAGE_STANDARD = gnu11;
				INFOPLIST_FILE = APIManagerTests/Info.plist;
				IPHONEOS_DEPLOYMENT_TARGET = 11.2;
				LD_RUNPATH_SEARCH_PATHS = "$(inherited) @executable_path/Frameworks @loader_path/Frameworks";
				PRODUCT_BUNDLE_IDENTIFIER = com.rauhul.APIManagerTests;
				PRODUCT_NAME = "$(TARGET_NAME)";
				SWIFT_VERSION = 4.2;
				TARGETED_DEVICE_FAMILY = "1,2";
			};
			name = Release;
		};
		95BF046C1EA9EEAB005536D0 /* Debug */ = {
			isa = XCBuildConfiguration;
			buildSettings = {
				ALWAYS_SEARCH_USER_PATHS = NO;
				CLANG_ANALYZER_NONNULL = YES;
				CLANG_ANALYZER_NUMBER_OBJECT_CONVERSION = YES_AGGRESSIVE;
				CLANG_CXX_LANGUAGE_STANDARD = "gnu++0x";
				CLANG_CXX_LIBRARY = "libc++";
				CLANG_ENABLE_MODULES = YES;
				CLANG_ENABLE_OBJC_ARC = YES;
				CLANG_WARN_BLOCK_CAPTURE_AUTORELEASING = YES;
				CLANG_WARN_BOOL_CONVERSION = YES;
				CLANG_WARN_COMMA = YES;
				CLANG_WARN_CONSTANT_CONVERSION = YES;
				CLANG_WARN_DEPRECATED_OBJC_IMPLEMENTATIONS = YES;
				CLANG_WARN_DIRECT_OBJC_ISA_USAGE = YES_ERROR;
				CLANG_WARN_DOCUMENTATION_COMMENTS = YES;
				CLANG_WARN_EMPTY_BODY = YES;
				CLANG_WARN_ENUM_CONVERSION = YES;
				CLANG_WARN_INFINITE_RECURSION = YES;
				CLANG_WARN_INT_CONVERSION = YES;
				CLANG_WARN_NON_LITERAL_NULL_CONVERSION = YES;
				CLANG_WARN_OBJC_IMPLICIT_RETAIN_SELF = NO;
				CLANG_WARN_OBJC_LITERAL_CONVERSION = YES;
				CLANG_WARN_OBJC_ROOT_CLASS = YES_ERROR;
				CLANG_WARN_RANGE_LOOP_ANALYSIS = YES;
				CLANG_WARN_STRICT_PROTOTYPES = YES;
				CLANG_WARN_SUSPICIOUS_MOVE = YES;
				CLANG_WARN_UNREACHABLE_CODE = YES;
				CLANG_WARN__DUPLICATE_METHOD_MATCH = YES;
				"CODE_SIGN_IDENTITY[sdk=iphoneos*]" = "iPhone Developer";
				COPY_PHASE_STRIP = NO;
				CURRENT_PROJECT_VERSION = 1;
				DEBUG_INFORMATION_FORMAT = dwarf;
				ENABLE_STRICT_OBJC_MSGSEND = YES;
				ENABLE_TESTABILITY = YES;
				GCC_C_LANGUAGE_STANDARD = gnu99;
				GCC_DYNAMIC_NO_PIC = NO;
				GCC_NO_COMMON_BLOCKS = YES;
				GCC_OPTIMIZATION_LEVEL = 0;
				GCC_PREPROCESSOR_DEFINITIONS = (
					"DEBUG=1",
					"$(inherited)",
				);
				GCC_WARN_64_TO_32_BIT_CONVERSION = YES;
				GCC_WARN_ABOUT_RETURN_TYPE = YES_ERROR;
				GCC_WARN_UNDECLARED_SELECTOR = YES;
				GCC_WARN_UNINITIALIZED_AUTOS = YES_AGGRESSIVE;
				GCC_WARN_UNUSED_FUNCTION = YES;
				GCC_WARN_UNUSED_VARIABLE = YES;
				IPHONEOS_DEPLOYMENT_TARGET = 11.0;
				MTL_ENABLE_DEBUG_INFO = YES;
				ONLY_ACTIVE_ARCH = YES;
				SDKROOT = iphoneos;
				SWIFT_ACTIVE_COMPILATION_CONDITIONS = DEBUG;
				SWIFT_OPTIMIZATION_LEVEL = "-Onone";
				SWIFT_VERSION = 4.0;
				TARGETED_DEVICE_FAMILY = "1,2";
				VERSIONING_SYSTEM = "apple-generic";
				VERSION_INFO_PREFIX = "";
			};
			name = Debug;
		};
		95BF046D1EA9EEAB005536D0 /* Release */ = {
			isa = XCBuildConfiguration;
			buildSettings = {
				ALWAYS_SEARCH_USER_PATHS = NO;
				CLANG_ANALYZER_NONNULL = YES;
				CLANG_ANALYZER_NUMBER_OBJECT_CONVERSION = YES_AGGRESSIVE;
				CLANG_CXX_LANGUAGE_STANDARD = "gnu++0x";
				CLANG_CXX_LIBRARY = "libc++";
				CLANG_ENABLE_MODULES = YES;
				CLANG_ENABLE_OBJC_ARC = YES;
				CLANG_WARN_BLOCK_CAPTURE_AUTORELEASING = YES;
				CLANG_WARN_BOOL_CONVERSION = YES;
				CLANG_WARN_COMMA = YES;
				CLANG_WARN_CONSTANT_CONVERSION = YES;
				CLANG_WARN_DEPRECATED_OBJC_IMPLEMENTATIONS = YES;
				CLANG_WARN_DIRECT_OBJC_ISA_USAGE = YES_ERROR;
				CLANG_WARN_DOCUMENTATION_COMMENTS = YES;
				CLANG_WARN_EMPTY_BODY = YES;
				CLANG_WARN_ENUM_CONVERSION = YES;
				CLANG_WARN_INFINITE_RECURSION = YES;
				CLANG_WARN_INT_CONVERSION = YES;
				CLANG_WARN_NON_LITERAL_NULL_CONVERSION = YES;
				CLANG_WARN_OBJC_IMPLICIT_RETAIN_SELF = NO;
				CLANG_WARN_OBJC_LITERAL_CONVERSION = YES;
				CLANG_WARN_OBJC_ROOT_CLASS = YES_ERROR;
				CLANG_WARN_RANGE_LOOP_ANALYSIS = YES;
				CLANG_WARN_STRICT_PROTOTYPES = YES;
				CLANG_WARN_SUSPICIOUS_MOVE = YES;
				CLANG_WARN_UNREACHABLE_CODE = YES;
				CLANG_WARN__DUPLICATE_METHOD_MATCH = YES;
				"CODE_SIGN_IDENTITY[sdk=iphoneos*]" = "iPhone Developer";
				COPY_PHASE_STRIP = NO;
				CURRENT_PROJECT_VERSION = 1;
				DEBUG_INFORMATION_FORMAT = "dwarf-with-dsym";
				ENABLE_NS_ASSERTIONS = NO;
				ENABLE_STRICT_OBJC_MSGSEND = YES;
				GCC_C_LANGUAGE_STANDARD = gnu99;
				GCC_NO_COMMON_BLOCKS = YES;
				GCC_WARN_64_TO_32_BIT_CONVERSION = YES;
				GCC_WARN_ABOUT_RETURN_TYPE = YES_ERROR;
				GCC_WARN_UNDECLARED_SELECTOR = YES;
				GCC_WARN_UNINITIALIZED_AUTOS = YES_AGGRESSIVE;
				GCC_WARN_UNUSED_FUNCTION = YES;
				GCC_WARN_UNUSED_VARIABLE = YES;
				IPHONEOS_DEPLOYMENT_TARGET = 11.0;
				MTL_ENABLE_DEBUG_INFO = NO;
				SDKROOT = iphoneos;
				SWIFT_OPTIMIZATION_LEVEL = "-Owholemodule";
				SWIFT_VERSION = 4.0;
				TARGETED_DEVICE_FAMILY = "1,2";
				VALIDATE_PRODUCT = YES;
				VERSIONING_SYSTEM = "apple-generic";
				VERSION_INFO_PREFIX = "";
			};
			name = Release;
		};
		95BF046F1EA9EEAB005536D0 /* Debug */ = {
			isa = XCBuildConfiguration;
			buildSettings = {
				CLANG_ENABLE_MODULES = YES;
				CODE_SIGN_IDENTITY = "";
				DEFINES_MODULE = YES;
				DYLIB_COMPATIBILITY_VERSION = 1;
				DYLIB_CURRENT_VERSION = 1;
				DYLIB_INSTALL_NAME_BASE = "@rpath";
				INFOPLIST_FILE = APIManager/Info.plist;
				INSTALL_PATH = "$(LOCAL_LIBRARY_DIR)/Frameworks";
				IPHONEOS_DEPLOYMENT_TARGET = 11.0;
				LD_RUNPATH_SEARCH_PATHS = "$(inherited) @executable_path/Frameworks @loader_path/Frameworks";
				PRODUCT_BUNDLE_IDENTIFIER = com.rauhul.APIManager;
				PRODUCT_NAME = "$(TARGET_NAME)";
				SKIP_INSTALL = YES;
				SWIFT_OPTIMIZATION_LEVEL = "-Onone";
				SWIFT_VERSION = 4.2;
			};
			name = Debug;
		};
		95BF04701EA9EEAB005536D0 /* Release */ = {
			isa = XCBuildConfiguration;
			buildSettings = {
				CLANG_ENABLE_MODULES = YES;
				CODE_SIGN_IDENTITY = "";
				DEFINES_MODULE = YES;
				DYLIB_COMPATIBILITY_VERSION = 1;
				DYLIB_CURRENT_VERSION = 1;
				DYLIB_INSTALL_NAME_BASE = "@rpath";
				INFOPLIST_FILE = APIManager/Info.plist;
				INSTALL_PATH = "$(LOCAL_LIBRARY_DIR)/Frameworks";
				IPHONEOS_DEPLOYMENT_TARGET = 11.0;
				LD_RUNPATH_SEARCH_PATHS = "$(inherited) @executable_path/Frameworks @loader_path/Frameworks";
				PRODUCT_BUNDLE_IDENTIFIER = com.rauhul.APIManager;
				PRODUCT_NAME = "$(TARGET_NAME)";
				SKIP_INSTALL = YES;
				SWIFT_VERSION = 4.2;
			};
			name = Release;
		};
/* End XCBuildConfiguration section */

/* Begin XCConfigurationList section */
		950B28D32019460B000B4445 /* Build configuration list for PBXNativeTarget "APIManagerTests" */ = {
			isa = XCConfigurationList;
			buildConfigurations = (
				950B28D42019460B000B4445 /* Debug */,
				950B28D52019460B000B4445 /* Release */,
			);
			defaultConfigurationIsVisible = 0;
			defaultConfigurationName = Release;
		};
		95BF04601EA9EEAB005536D0 /* Build configuration list for PBXProject "APIManager" */ = {
			isa = XCConfigurationList;
			buildConfigurations = (
				95BF046C1EA9EEAB005536D0 /* Debug */,
				95BF046D1EA9EEAB005536D0 /* Release */,
			);
			defaultConfigurationIsVisible = 0;
			defaultConfigurationName = Release;
		};
		95BF046E1EA9EEAB005536D0 /* Build configuration list for PBXNativeTarget "APIManager" */ = {
			isa = XCConfigurationList;
			buildConfigurations = (
				95BF046F1EA9EEAB005536D0 /* Debug */,
				95BF04701EA9EEAB005536D0 /* Release */,
			);
			defaultConfigurationIsVisible = 0;
			defaultConfigurationName = Release;
		};
/* End XCConfigurationList section */
	};
	rootObject = 95BF045D1EA9EEAB005536D0 /* Project object */;
}
